{
  "name": "hello-world",
  "version": "1.0.0",
  "lockfileVersion": 1,
  "requires": true,
  "dependencies": {
    "@anchan828/graphql-decorator": {
      "version": "0.0.2",
      "resolved": "https://registry.npmjs.org/@anchan828/graphql-decorator/-/graphql-decorator-0.0.2.tgz",
      "integrity": "sha512-qNUiox5uFznGiASquYg4fcWGw1gDAW+Y8NgHdmwVVWQOi5A9G/t9rfuF90ZTynrhbdWII5n5v7ONDP2tcTLMGg==",
      "requires": {
        "reflect-metadata": "0.1.10"
      }
    },
    "@types/node": {
      "version": "8.0.45",
      "resolved": "https://registry.npmjs.org/@types/node/-/node-8.0.45.tgz",
      "integrity": "sha512-4q3e+DdiRli/aMgYOwtKCOrM4Vys+OQCcHts76lJUfKRCjfjfTqB4FjXsZ8jkyBEgPrPN0Rq93uCKmgd7ePY2w==",
      "dev": true
    },
    "graphql": {
      "version": "0.6.2",
      "resolved": "https://registry.npmjs.org/graphql/-/graphql-0.6.2.tgz",
      "integrity": "sha1-Gc3LF+WGLWQ5agaE+S975k6Q568=",
      "requires": {
        "iterall": "1.0.2"
      }
    },
    "iterall": {
      "version": "1.0.2",
      "resolved": "https://registry.npmjs.org/iterall/-/iterall-1.0.2.tgz",
      "integrity": "sha1-QaLpbOntpeYcdn7l3DEjc7sEbpE="
    },
    "reflect-metadata": {
      "version": "0.1.10",
      "resolved": "https://registry.npmjs.org/reflect-metadata/-/reflect-metadata-0.1.10.tgz",
      "integrity": "sha1-tPg3BEFqytiZiMmxVjXUfgO5NEo="
    },
    "typescript": {
      "version": "2.5.3",
      "resolved": "https://registry.npmjs.org/typescript/-/typescript-2.5.3.tgz",
      "integrity": "sha512-ptLSQs2S4QuS6/OD1eAKG+S5G8QQtrU5RT32JULdZQtM1L3WTi34Wsu48Yndzi8xsObRAB9RPt/KhA9wlpEF6w==",
      "dev": true
    }
  }
}
