{
  "name": "hello-world",
  "version": "1.0.0",
  "lockfileVersion": 1,
  "requires": true,
  "dependencies": {
    "@anchan828/graphql-decorator": {
      "version": "file:../..",
      "requires": {
        "graphql": "0.11.7",
        "reflect-metadata": "0.1.10"
      },
      "dependencies": {
        "@types/graphql": {
          "version": "0.11.5",
          "bundled": true
        },
        "@types/mocha": {
          "version": "2.2.43",
          "bundled": true
        },
        "@types/node": {
          "version": "8.0.44",
          "bundled": true
        },
        "ansi-regex": {
          "version": "2.1.1",
          "bundled": true
        },
        "ansi-styles": {
          "version": "2.2.1",
          "bundled": true
        },
        "babel-code-frame": {
          "version": "6.26.0",
          "bundled": true,
          "requires": {
            "chalk": "1.1.3",
            "esutils": "2.0.2",
            "js-tokens": "3.0.2"
          }
        },
        "balanced-match": {
          "version": "1.0.0",
          "bundled": true
        },
        "brace-expansion": {
          "version": "1.1.8",
          "bundled": true,
          "requires": {
            "balanced-match": "1.0.0",
            "concat-map": "0.0.1"
          }
        },
        "browser-stdout": {
          "version": "1.3.0",
          "bundled": true
        },
        "chalk": {
          "version": "1.1.3",
          "bundled": true,
          "requires": {
            "ansi-styles": "2.2.1",
            "escape-string-regexp": "1.0.5",
            "has-ansi": "2.0.0",
            "strip-ansi": "3.0.1",
            "supports-color": "2.0.0"
          }
        },
        "colors": {
          "version": "1.1.2",
          "bundled": true
        },
        "commander": {
          "version": "2.11.0",
          "bundled": true
        },
        "concat-map": {
          "version": "0.0.1",
          "bundled": true
        },
        "debug": {
          "version": "3.1.0",
          "bundled": true,
          "requires": {
            "ms": "2.0.0"
          }
        },
        "diff": {
          "version": "3.3.1",
          "bundled": true
        },
        "escape-string-regexp": {
          "version": "1.0.5",
          "bundled": true
        },
        "esutils": {
          "version": "2.0.2",
          "bundled": true
        },
        "fs.realpath": {
          "version": "1.0.0",
          "bundled": true
        },
        "glob": {
          "version": "7.1.2",
          "bundled": true,
          "requires": {
            "fs.realpath": "1.0.0",
            "inflight": "1.0.6",
            "inherits": "2.0.3",
            "minimatch": "3.0.4",
            "once": "1.4.0",
            "path-is-absolute": "1.0.1"
          },
          "dependencies": {
            "minimatch": {
              "version": "3.0.4",
              "bundled": true,
              "requires": {
                "brace-expansion": "1.1.8"
              }
            }
          }
        },
        "graphql": {
          "version": "0.11.7",
          "bundled": true,
          "requires": {
            "iterall": "1.1.3"
          }
        },
        "growl": {
          "version": "1.10.3",
          "bundled": true
        },
        "has-ansi": {
          "version": "2.0.0",
          "bundled": true,
          "requires": {
            "ansi-regex": "2.1.1"
          }
        },
        "has-flag": {
          "version": "2.0.0",
          "bundled": true
        },
        "he": {
          "version": "1.1.1",
          "bundled": true
        },
        "inflight": {
          "version": "1.0.6",
          "bundled": true,
          "requires": {
            "once": "1.4.0",
            "wrappy": "1.0.2"
          }
        },
        "inherits": {
          "version": "2.0.3",
          "bundled": true
        },
        "iterall": {
          "version": "1.1.3",
          "bundled": true
        },
        "js-tokens": {
          "version": "3.0.2",
          "bundled": true
        },
        "minimist": {
          "version": "0.0.8",
          "bundled": true
        },
        "mkdirp": {
          "version": "0.5.1",
          "bundled": true,
          "requires": {
            "minimist": "0.0.8"
          }
        },
        "mocha": {
          "version": "4.0.1",
          "bundled": true,
          "requires": {
            "browser-stdout": "1.3.0",
            "commander": "2.11.0",
            "debug": "3.1.0",
            "diff": "3.3.1",
            "escape-string-regexp": "1.0.5",
            "glob": "7.1.2",
            "growl": "1.10.3",
            "he": "1.1.1",
            "mkdirp": "0.5.1",
            "supports-color": "4.4.0"
          },
          "dependencies": {
            "supports-color": {
              "version": "4.4.0",
              "bundled": true,
              "requires": {
                "has-flag": "2.0.0"
              }
            }
          }
        },
        "ms": {
          "version": "2.0.0",
          "bundled": true
        },
        "once": {
          "version": "1.4.0",
          "bundled": true,
          "requires": {
            "wrappy": "1.0.2"
          }
        },
        "path-is-absolute": {
          "version": "1.0.1",
          "bundled": true
        },
        "path-parse": {
          "version": "1.0.5",
          "bundled": true
        },
        "reflect-metadata": {
          "version": "0.1.10",
          "bundled": true
        },
        "resolve": {
          "version": "1.4.0",
          "bundled": true,
          "requires": {
            "path-parse": "1.0.5"
          }
        },
        "rimraf": {
          "version": "2.6.2",
          "bundled": true,
          "requires": {
            "glob": "7.1.2"
          }
        },
        "semver": {
          "version": "5.4.1",
          "bundled": true
        },
        "strip-ansi": {
          "version": "3.0.1",
          "bundled": true,
          "requires": {
            "ansi-regex": "2.1.1"
          }
        },
        "supports-color": {
          "version": "2.0.0",
          "bundled": true
        },
        "tslib": {
          "version": "1.8.0",
          "bundled": true
        },
        "tslint": {
          "version": "5.7.0",
          "bundled": true,
          "requires": {
            "babel-code-frame": "6.26.0",
            "colors": "1.1.2",
            "commander": "2.11.0",
            "diff": "3.3.1",
            "glob": "7.1.2",
            "minimatch": "3.0.4",
            "resolve": "1.4.0",
            "semver": "5.4.1",
            "tslib": "1.8.0",
            "tsutils": "2.12.1"
          },
          "dependencies": {
            "minimatch": {
              "version": "3.0.4",
              "bundled": true,
              "requires": {
                "brace-expansion": "1.1.8"
              }
            }
          }
        },
        "tsutils": {
          "version": "2.12.1",
          "bundled": true,
          "requires": {
            "tslib": "1.8.0"
          }
        },
        "typescript": {
          "version": "2.5.3",
          "bundled": true
        },
        "wrappy": {
          "version": "1.0.2",
          "bundled": true
        }
      }
    },
    "@types/node": {
      "version": "8.0.45",
      "resolved": "https://registry.npmjs.org/@types/node/-/node-8.0.45.tgz",
      "integrity": "sha512-4q3e+DdiRli/aMgYOwtKCOrM4Vys+OQCcHts76lJUfKRCjfjfTqB4FjXsZ8jkyBEgPrPN0Rq93uCKmgd7ePY2w==",
      "dev": true
    },
    "graphql": {
      "version": "0.6.2",
      "resolved": "https://registry.npmjs.org/graphql/-/graphql-0.6.2.tgz",
      "integrity": "sha1-Gc3LF+WGLWQ5agaE+S975k6Q568=",
      "requires": {
        "iterall": "1.0.2"
      }
    },
    "iterall": {
      "version": "1.0.2",
      "resolved": "https://registry.npmjs.org/iterall/-/iterall-1.0.2.tgz",
      "integrity": "sha1-QaLpbOntpeYcdn7l3DEjc7sEbpE="
    },
    "typescript": {
      "version": "2.5.3",
      "resolved": "https://registry.npmjs.org/typescript/-/typescript-2.5.3.tgz",
      "integrity": "sha512-ptLSQs2S4QuS6/OD1eAKG+S5G8QQtrU5RT32JULdZQtM1L3WTi34Wsu48Yndzi8xsObRAB9RPt/KhA9wlpEF6w==",
      "dev": true
    }
  }
}
